// !$*UTF8*$!
{
	archiveVersion = 1;
	classes = {
	};
	objectVersion = 46;
	objects = {

/* Begin PBXBuildFile section */
		AFD67DC21C3FED4700868A23 /* main.m in Sources */ = {isa = PBXBuildFile; fileRef = AFD67DC11C3FED4700868A23 /* main.m */; };
		AFD67DCB1C3FF16600868A23 /* Adaptee.m in Sources */ = {isa = PBXBuildFile; fileRef = AFD67DCA1C3FF16600868A23 /* Adaptee.m */; };
		AFD67DCE1C3FF1D300868A23 /* Adapter.m in Sources */ = {isa = PBXBuildFile; fileRef = AFD67DCD1C3FF1D300868A23 /* Adapter.m */; };
/* End PBXBuildFile section */

/* Begin PBXCopyFilesBuildPhase section */
		AFD67DBC1C3FED4700868A23 /* CopyFiles */ = {
			isa = PBXCopyFilesBuildPhase;
			buildActionMask = 2147483647;
			dstPath = /usr/share/man/man1/;
			dstSubfolderSpec = 0;
			files = (
			);
			runOnlyForDeploymentPostprocessing = 1;
		};
/* End PBXCopyFilesBuildPhase section */

/* Begin PBXFileReference section */
		AFD67DBE1C3FED4700868A23 /* 适配器设计模式 */ = {isa = PBXFileReference; explicitFileType = "compiled.mach-o.executable"; includeInIndex = 0; path = "适配器设计模式"; sourceTree = BUILT_PRODUCTS_DIR; };
		AFD67DC11C3FED4700868A23 /* main.m */ = {isa = PBXFileReference; lastKnownFileType = sourcecode.c.objc; path = main.m; sourceTree = "<group>"; };
		AFD67DC81C3FF10E00868A23 /* Target.h */ = {isa = PBXFileReference; fileEncoding = 4; lastKnownFileType = sourcecode.c.h; path = Target.h; sourceTree = "<group>"; };
		AFD67DC91C3FF16600868A23 /* Adaptee.h */ = {isa = PBXFileReference; fileEncoding = 4; lastKnownFileType = sourcecode.c.h; path = Adaptee.h; sourceTree = "<group>"; };
		AFD67DCA1C3FF16600868A23 /* Adaptee.m */ = {isa = PBXFileReference; fileEncoding = 4; lastKnownFileType = sourcecode.c.objc; path = Adaptee.m; sourceTree = "<group>"; };
		AFD67DCC1C3FF1D300868A23 /* Adapter.h */ = {isa = PBXFileReference; fileEncoding = 4; lastKnownFileType = sourcecode.c.h; path = Adapter.h; sourceTree = "<group>"; };
		AFD67DCD1C3FF1D300868A23 /* Adapter.m */ = {isa = PBXFileReference; fileEncoding = 4; lastKnownFileType = sourcecode.c.objc; path = Adapter.m; sourceTree = "<group>"; };
/* End PBXFileReference section */

/* Begin PBXFrameworksBuildPhase section */
		AFD67DBB1C3FED4700868A23 /* Frameworks */ = {
			isa = PBXFrameworksBuildPhase;
			buildActionMask = 2147483647;
			files = (
			);
			runOnlyForDeploymentPostprocessing = 0;
		};
/* End PBXFrameworksBuildPhase section */

/* Begin PBXGroup section */
		AFD67DB51C3FED4700868A23 = {
			isa = PBXGroup;
			children = (
				AFD67DC01C3FED4700868A23 /* 适配器设计模式 */,
				AFD67DBF1C3FED4700868A23 /* Products */,
			);
			sourceTree = "<group>";
		};
		AFD67DBF1C3FED4700868A23 /* Products */ = {
			isa = PBXGroup;
			children = (
				AFD67DBE1C3FED4700868A23 /* 适配器设计模式 */,
			);
			name = Products;
			sourceTree = "<group>";
		};
		AFD67DC01C3FED4700868A23 /* 适配器设计模式 */ = {
			isa = PBXGroup;
			children = (
				AFD67DC11C3FED4700868A23 /* main.m */,
				AFD67DC81C3FF10E00868A23 /* Target.h */,
				AFD67DCC1C3FF1D300868A23 /* Adapter.h */,
				AFD67DCD1C3FF1D300868A23 /* Adapter.m */,
				AFD67DC91C3FF16600868A23 /* Adaptee.h */,
				AFD67DCA1C3FF16600868A23 /* Adaptee.m */,
			);
			path = "适配器设计模式";
			sourceTree = "<group>";
		};
/* End PBXGroup section */

/* Begin PBXNativeTarget section */
		AFD67DBD1C3FED4700868A23 /* 适配器设计模式 */ = {
			isa = PBXNativeTarget;
			buildConfigurationList = AFD67DC51C3FED4700868A23 /* Build configuration list for PBXNativeTarget "适配器设计模式" */;
			buildPhases = (
				AFD67DBA1C3FED4700868A23 /* Sources */,
				AFD67DBB1C3FED4700868A23 /* Frameworks */,
				AFD67DBC1C3FED4700868A23 /* CopyFiles */,
			);
			buildRules = (
			);
			dependencies = (
			);
			name = "适配器设计模式";
			productName = "适配器设计模式";
			productReference = AFD67DBE1C3FED4700868A23 /* 适配器设计模式 */;
			productType = "com.apple.product-type.tool";
		};
/* End PBXNativeTarget section */

/* Begin PBXProject section */
		AFD67DB61C3FED4700868A23 /* Project object */ = {
			isa = PBXProject;
			attributes = {
				LastUpgradeCheck = 0640;
				ORGANIZATIONNAME = yml;
				TargetAttributes = {
					AFD67DBD1C3FED4700868A23 = {
						CreatedOnToolsVersion = 6.4;
					};
				};
			};
			buildConfigurationList = AFD67DB91C3FED4700868A23 /* Build configuration list for PBXProject "适配器设计模式" */;
			compatibilityVersion = "Xcode 3.2";
			developmentRegion = English;
			hasScannedForEncodings = 0;
			knownRegions = (
				en,
			);
			mainGroup = AFD67DB51C3FED4700868A23;
			productRefGroup = AFD67DBF1C3FED4700868A23 /* Products */;
			projectDirPath = "";
			projectRoot = "";
			targets = (
				AFD67DBD1C3FED4700868A23 /* 适配器设计模式 */,
			);
		};
/* End PBXProject section */

/* Begin PBXSourcesBuildPhase section */
		AFD67DBA1C3FED4700868A23 /* Sources */ = {
			isa = PBXSourcesBuildPhase;
			buildActionMask = 2147483647;
			files = (
				AFD67DCE1C3FF1D300868A23 /* Adapter.m in Sources */,
				AFD67DCB1C3FF16600868A23 /* Adaptee.m in Sources */,
				AFD67DC21C3FED4700868A23 /* main.m in Sources */,
			);
			runOnlyForDeploymentPostprocessing = 0;
		};
/* End PBXSourcesBuildPhase section */

/* Begin XCBuildConfiguration section */
		AFD67DC31C3FED4700868A23 /* Debug */ = {
			isa = XCBuildConfiguration;
			buildSettings = {
				ALWAYS_SEARCH_USER_PATHS = NO;
				CLANG_CXX_LANGUAGE_STANDARD = "gnu++0x";
				CLANG_CXX_LIBRARY = "libc++";
				CLANG_ENABLE_MODULES = YES;
				CLANG_ENABLE_OBJC_ARC = YES;
				CLANG_WARN_BOOL_CONVERSION = YES;
				CLANG_WARN_CONSTANT_CONVERSION = YES;
				CLANG_WARN_DIRECT_OBJC_ISA_USAGE = YES_ERROR;
				CLANG_WARN_EMPTY_BODY = YES;
				CLANG_WARN_ENUM_CONVERSION = YES;
				CLANG_WARN_INT_CONVERSION = YES;
				CLANG_WARN_OBJC_ROOT_CLASS = YES_ERROR;
				CLANG_WARN_UNREACHABLE_CODE = YES;
				CLANG_WARN__DUPLICATE_METHOD_MATCH = YES;
				COPY_PHASE_STRIP = NO;
				DEBUG_INFORMATION_FORMAT = dwarf;
				ENABLE_STRICT_OBJC_MSGSEND = YES;
				GCC_C_LANGUAGE_STANDARD = gnu99;
				GCC_DYNAMIC_NO_PIC = NO;
				GCC_NO_COMMON_BLOCKS = YES;
				GCC_OPTIMIZATION_LEVEL = 0;
				GCC_PREPROCESSOR_DEFINITIONS = (
					"DEBUG=1",
					"$(inherited)",
				);
				GCC_SYMBOLS_PRIVATE_EXTERN = NO;
				GCC_WARN_64_TO_32_BIT_CONVERSION = YES;
				GCC_WARN_ABOUT_RETURN_TYPE = YES_ERROR;
				GCC_WARN_UNDECLARED_SELECTOR = YES;
				GCC_WARN_UNINITIALIZED_AUTOS = YES_AGGRESSIVE;
				GCC_WARN_UNUSED_FUNCTION = YES;
				GCC_WARN_UNUSED_VARIABLE = YES;
				MACOSX_DEPLOYMENT_TARGET = 10.10;
				MTL_ENABLE_DEBUG_INFO = YES;
				ONLY_ACTIVE_ARCH = YES;
				SDKROOT = macosx;
			};
			name = Debug;
		};
		AFD67DC41C3FED4700868A23 /* Release */ = {
			isa = XCBuildConfiguration;
			buildSettings = {
				ALWAYS_SEARCH_USER_PATHS = NO;
				CLANG_CXX_LANGUAGE_STANDARD = "gnu++0x";
				CLANG_CXX_LIBRARY = "libc++";
				CLANG_ENABLE_MODULES = YES;
				CLANG_ENABLE_OBJC_ARC = YES;
				CLANG_WARN_BOOL_CONVERSION = YES;
				CLANG_WARN_CONSTANT_CONVERSION = YES;
				CLANG_WARN_DIRECT_OBJC_ISA_USAGE = YES_ERROR;
				CLANG_WARN_EMPTY_BODY = YES;
				CLANG_WARN_ENUM_CONVERSION = YES;
				CLANG_WARN_INT_CONVERSION = YES;
				CLANG_WARN_OBJC_ROOT_CLASS = YES_ERROR;
				CLANG_WARN_UNREACHABLE_CODE = YES;
				CLANG_WARN__DUPLICATE_METHOD_MATCH = YES;
				COPY_PHASE_STRIP = NO;
				DEBUG_INFORMATION_FORMAT = "dwarf-with-dsym";
				ENABLE_NS_ASSERTIONS = NO;
				ENABLE_STRICT_OBJC_MSGSEND = YES;
				GCC_C_LANGUAGE_STANDARD = gnu99;
				GCC_NO_COMMON_BLOCKS = YES;
				GCC_WARN_64_TO_32_BIT_CONVERSION = YES;
				GCC_WARN_ABOUT_RETURN_TYPE = YES_ERROR;
				GCC_WARN_UNDECLARED_SELECTOR = YES;
				GCC_WARN_UNINITIALIZED_AUTOS = YES_AGGRESSIVE;
				GCC_WARN_UNUSED_FUNCTION = YES;
				GCC_WARN_UNUSED_VARIABLE = YES;
				MACOSX_DEPLOYMENT_TARGET = 10.10;
				MTL_ENABLE_DEBUG_INFO = NO;
				SDKROOT = macosx;
			};
			name = Release;
		};
		AFD67DC61C3FED4700868A23 /* Debug */ = {
			isa = XCBuildConfiguration;
			buildSettings = {
				PRODUCT_NAME = "$(TARGET_NAME)";
			};
			name = Debug;
		};
		AFD67DC71C3FED4700868A23 /* Release */ = {
			isa = XCBuildConfiguration;
			buildSettings = {
				PRODUCT_NAME = "$(TARGET_NAME)";
			};
			name = Release;
		};
/* End XCBuildConfiguration section */

/* Begin XCConfigurationList section */
		AFD67DB91C3FED4700868A23 /* Build configuration list for PBXProject "适配器设计模式" */ = {
			isa = XCConfigurationList;
			buildConfigurations = (
				AFD67DC31C3FED4700868A23 /* Debug */,
				AFD67DC41C3FED4700868A23 /* Release */,
			);
			defaultConfigurationIsVisible = 0;
			defaultConfigurationName = Release;
		};
		AFD67DC51C3FED4700868A23 /* Build configuration list for PBXNativeTarget "适配器设计模式" */ = {
			isa = XCConfigurationList;
			buildConfigurations = (
				AFD67DC61C3FED4700868A23 /* Debug */,
				AFD67DC71C3FED4700868A23 /* Release */,
			);
			defaultConfigurationIsVisible = 0;
		};
/* End XCConfigurationList section */
	};
	rootObject = AFD67DB61C3FED4700868A23 /* Project object */;
}
