// !$*UTF8*$!
{
	archiveVersion = 1;
	classes = {
	};
	objectVersion = 46;
	objects = {

/* Begin PBXBuildFile section */
		AFD1A7191C3E100B004AE595 /* main.m in Sources */ = {isa = PBXBuildFile; fileRef = AFD1A7181C3E100B004AE595 /* main.m */; };
		AFD1A7211C3E1099004AE595 /* Autoagency.m in Sources */ = {isa = PBXBuildFile; fileRef = AFD1A7201C3E1099004AE595 /* Autoagency.m */; };
		AFD1A7241C3E10C8004AE595 /* delegateClass.m in Sources */ = {isa = PBXBuildFile; fileRef = AFD1A7231C3E10C8004AE595 /* delegateClass.m */; };
		AFD1A7271C3E15A4004AE595 /* Program.m in Sources */ = {isa = PBXBuildFile; fileRef = AFD1A7261C3E15A4004AE595 /* Program.m */; };
/* End PBXBuildFile section */

/* Begin PBXCopyFilesBuildPhase section */
		AFD1A7131C3E100B004AE595 /* CopyFiles */ = {
			isa = PBXCopyFilesBuildPhase;
			buildActionMask = 2147483647;
			dstPath = /usr/share/man/man1/;
			dstSubfolderSpec = 0;
			files = (
			);
			runOnlyForDeploymentPostprocessing = 1;
		};
/* End PBXCopyFilesBuildPhase section */

/* Begin PBXFileReference section */
		AFD1A7151C3E100B004AE595 /* 代理设计模式 */ = {isa = PBXFileReference; explicitFileType = "compiled.mach-o.executable"; includeInIndex = 0; path = "代理设计模式"; sourceTree = BUILT_PRODUCTS_DIR; };
		AFD1A7181C3E100B004AE595 /* main.m */ = {isa = PBXFileReference; lastKnownFileType = sourcecode.c.objc; path = main.m; sourceTree = "<group>"; };
		AFD1A71F1C3E1099004AE595 /* Autoagency.h */ = {isa = PBXFileReference; fileEncoding = 4; lastKnownFileType = sourcecode.c.h; path = Autoagency.h; sourceTree = "<group>"; };
		AFD1A7201C3E1099004AE595 /* Autoagency.m */ = {isa = PBXFileReference; fileEncoding = 4; lastKnownFileType = sourcecode.c.objc; path = Autoagency.m; sourceTree = "<group>"; };
		AFD1A7221C3E10C8004AE595 /* delegateClass.h */ = {isa = PBXFileReference; fileEncoding = 4; lastKnownFileType = sourcecode.c.h; path = delegateClass.h; sourceTree = "<group>"; };
		AFD1A7231C3E10C8004AE595 /* delegateClass.m */ = {isa = PBXFileReference; fileEncoding = 4; lastKnownFileType = sourcecode.c.objc; path = delegateClass.m; sourceTree = "<group>"; };
		AFD1A7251C3E15A4004AE595 /* Program.h */ = {isa = PBXFileReference; fileEncoding = 4; lastKnownFileType = sourcecode.c.h; path = Program.h; sourceTree = "<group>"; };
		AFD1A7261C3E15A4004AE595 /* Program.m */ = {isa = PBXFileReference; fileEncoding = 4; lastKnownFileType = sourcecode.c.objc; path = Program.m; sourceTree = "<group>"; };
/* End PBXFileReference section */

/* Begin PBXFrameworksBuildPhase section */
		AFD1A7121C3E100B004AE595 /* Frameworks */ = {
			isa = PBXFrameworksBuildPhase;
			buildActionMask = 2147483647;
			files = (
			);
			runOnlyForDeploymentPostprocessing = 0;
		};
/* End PBXFrameworksBuildPhase section */

/* Begin PBXGroup section */
		AFD1A70C1C3E100B004AE595 = {
			isa = PBXGroup;
			children = (
				AFD1A7171C3E100B004AE595 /* 代理设计模式 */,
				AFD1A7161C3E100B004AE595 /* Products */,
			);
			sourceTree = "<group>";
		};
		AFD1A7161C3E100B004AE595 /* Products */ = {
			isa = PBXGroup;
			children = (
				AFD1A7151C3E100B004AE595 /* 代理设计模式 */,
			);
			name = Products;
			sourceTree = "<group>";
		};
		AFD1A7171C3E100B004AE595 /* 代理设计模式 */ = {
			isa = PBXGroup;
			children = (
				AFD1A7181C3E100B004AE595 /* main.m */,
				AFD1A7251C3E15A4004AE595 /* Program.h */,
				AFD1A7261C3E15A4004AE595 /* Program.m */,
				AFD1A71F1C3E1099004AE595 /* Autoagency.h */,
				AFD1A7201C3E1099004AE595 /* Autoagency.m */,
				AFD1A7221C3E10C8004AE595 /* delegateClass.h */,
				AFD1A7231C3E10C8004AE595 /* delegateClass.m */,
			);
			path = "代理设计模式";
			sourceTree = "<group>";
		};
/* End PBXGroup section */

/* Begin PBXNativeTarget section */
		AFD1A7141C3E100B004AE595 /* 代理设计模式 */ = {
			isa = PBXNativeTarget;
			buildConfigurationList = AFD1A71C1C3E100B004AE595 /* Build configuration list for PBXNativeTarget "代理设计模式" */;
			buildPhases = (
				AFD1A7111C3E100B004AE595 /* Sources */,
				AFD1A7121C3E100B004AE595 /* Frameworks */,
				AFD1A7131C3E100B004AE595 /* CopyFiles */,
			);
			buildRules = (
			);
			dependencies = (
			);
			name = "代理设计模式";
			productName = "代理设计模式";
			productReference = AFD1A7151C3E100B004AE595 /* 代理设计模式 */;
			productType = "com.apple.product-type.tool";
		};
/* End PBXNativeTarget section */

/* Begin PBXProject section */
		AFD1A70D1C3E100B004AE595 /* Project object */ = {
			isa = PBXProject;
			attributes = {
				LastUpgradeCheck = 0640;
				ORGANIZATIONNAME = students;
				TargetAttributes = {
					AFD1A7141C3E100B004AE595 = {
						CreatedOnToolsVersion = 6.4;
					};
				};
			};
			buildConfigurationList = AFD1A7101C3E100B004AE595 /* Build configuration list for PBXProject "代理设计模式" */;
			compatibilityVersion = "Xcode 3.2";
			developmentRegion = English;
			hasScannedForEncodings = 0;
			knownRegions = (
				en,
			);
			mainGroup = AFD1A70C1C3E100B004AE595;
			productRefGroup = AFD1A7161C3E100B004AE595 /* Products */;
			projectDirPath = "";
			projectRoot = "";
			targets = (
				AFD1A7141C3E100B004AE595 /* 代理设计模式 */,
			);
		};
/* End PBXProject section */

/* Begin PBXSourcesBuildPhase section */
		AFD1A7111C3E100B004AE595 /* Sources */ = {
			isa = PBXSourcesBuildPhase;
			buildActionMask = 2147483647;
			files = (
				AFD1A7271C3E15A4004AE595 /* Program.m in Sources */,
				AFD1A7191C3E100B004AE595 /* main.m in Sources */,
				AFD1A7211C3E1099004AE595 /* Autoagency.m in Sources */,
				AFD1A7241C3E10C8004AE595 /* delegateClass.m in Sources */,
			);
			runOnlyForDeploymentPostprocessing = 0;
		};
/* End PBXSourcesBuildPhase section */

/* Begin XCBuildConfiguration section */
		AFD1A71A1C3E100B004AE595 /* Debug */ = {
			isa = XCBuildConfiguration;
			buildSettings = {
				ALWAYS_SEARCH_USER_PATHS = NO;
				CLANG_CXX_LANGUAGE_STANDARD = "gnu++0x";
				CLANG_CXX_LIBRARY = "libc++";
				CLANG_ENABLE_MODULES = YES;
				CLANG_ENABLE_OBJC_ARC = YES;
				CLANG_WARN_BOOL_CONVERSION = YES;
				CLANG_WARN_CONSTANT_CONVERSION = YES;
				CLANG_WARN_DIRECT_OBJC_ISA_USAGE = YES_ERROR;
				CLANG_WARN_EMPTY_BODY = YES;
				CLANG_WARN_ENUM_CONVERSION = YES;
				CLANG_WARN_INT_CONVERSION = YES;
				CLANG_WARN_OBJC_ROOT_CLASS = YES_ERROR;
				CLANG_WARN_UNREACHABLE_CODE = YES;
				CLANG_WARN__DUPLICATE_METHOD_MATCH = YES;
				COPY_PHASE_STRIP = NO;
				DEBUG_INFORMATION_FORMAT = dwarf;
				ENABLE_STRICT_OBJC_MSGSEND = YES;
				GCC_C_LANGUAGE_STANDARD = gnu99;
				GCC_DYNAMIC_NO_PIC = NO;
				GCC_NO_COMMON_BLOCKS = YES;
				GCC_OPTIMIZATION_LEVEL = 0;
				GCC_PREPROCESSOR_DEFINITIONS = (
					"DEBUG=1",
					"$(inherited)",
				);
				GCC_SYMBOLS_PRIVATE_EXTERN = NO;
				GCC_WARN_64_TO_32_BIT_CONVERSION = YES;
				GCC_WARN_ABOUT_RETURN_TYPE = YES_ERROR;
				GCC_WARN_UNDECLARED_SELECTOR = YES;
				GCC_WARN_UNINITIALIZED_AUTOS = YES_AGGRESSIVE;
				GCC_WARN_UNUSED_FUNCTION = YES;
				GCC_WARN_UNUSED_VARIABLE = YES;
				MACOSX_DEPLOYMENT_TARGET = 10.10;
				MTL_ENABLE_DEBUG_INFO = YES;
				ONLY_ACTIVE_ARCH = YES;
				SDKROOT = macosx;
			};
			name = Debug;
		};
		AFD1A71B1C3E100B004AE595 /* Release */ = {
			isa = XCBuildConfiguration;
			buildSettings = {
				ALWAYS_SEARCH_USER_PATHS = NO;
				CLANG_CXX_LANGUAGE_STANDARD = "gnu++0x";
				CLANG_CXX_LIBRARY = "libc++";
				CLANG_ENABLE_MODULES = YES;
				CLANG_ENABLE_OBJC_ARC = YES;
				CLANG_WARN_BOOL_CONVERSION = YES;
				CLANG_WARN_CONSTANT_CONVERSION = YES;
				CLANG_WARN_DIRECT_OBJC_ISA_USAGE = YES_ERROR;
				CLANG_WARN_EMPTY_BODY = YES;
				CLANG_WARN_ENUM_CONVERSION = YES;
				CLANG_WARN_INT_CONVERSION = YES;
				CLANG_WARN_OBJC_ROOT_CLASS = YES_ERROR;
				CLANG_WARN_UNREACHABLE_CODE = YES;
				CLANG_WARN__DUPLICATE_METHOD_MATCH = YES;
				COPY_PHASE_STRIP = NO;
				DEBUG_INFORMATION_FORMAT = "dwarf-with-dsym";
				ENABLE_NS_ASSERTIONS = NO;
				ENABLE_STRICT_OBJC_MSGSEND = YES;
				GCC_C_LANGUAGE_STANDARD = gnu99;
				GCC_NO_COMMON_BLOCKS = YES;
				GCC_WARN_64_TO_32_BIT_CONVERSION = YES;
				GCC_WARN_ABOUT_RETURN_TYPE = YES_ERROR;
				GCC_WARN_UNDECLARED_SELECTOR = YES;
				GCC_WARN_UNINITIALIZED_AUTOS = YES_AGGRESSIVE;
				GCC_WARN_UNUSED_FUNCTION = YES;
				GCC_WARN_UNUSED_VARIABLE = YES;
				MACOSX_DEPLOYMENT_TARGET = 10.10;
				MTL_ENABLE_DEBUG_INFO = NO;
				SDKROOT = macosx;
			};
			name = Release;
		};
		AFD1A71D1C3E100B004AE595 /* Debug */ = {
			isa = XCBuildConfiguration;
			buildSettings = {
				PRODUCT_NAME = "$(TARGET_NAME)";
			};
			name = Debug;
		};
		AFD1A71E1C3E100B004AE595 /* Release */ = {
			isa = XCBuildConfiguration;
			buildSettings = {
				PRODUCT_NAME = "$(TARGET_NAME)";
			};
			name = Release;
		};
/* End XCBuildConfiguration section */

/* Begin XCConfigurationList section */
		AFD1A7101C3E100B004AE595 /* Build configuration list for PBXProject "代理设计模式" */ = {
			isa = XCConfigurationList;
			buildConfigurations = (
				AFD1A71A1C3E100B004AE595 /* Debug */,
				AFD1A71B1C3E100B004AE595 /* Release */,
			);
			defaultConfigurationIsVisible = 0;
			defaultConfigurationName = Release;
		};
		AFD1A71C1C3E100B004AE595 /* Build configuration list for PBXNativeTarget "代理设计模式" */ = {
			isa = XCConfigurationList;
			buildConfigurations = (
				AFD1A71D1C3E100B004AE595 /* Debug */,
				AFD1A71E1C3E100B004AE595 /* Release */,
			);
			defaultConfigurationIsVisible = 0;
		};
/* End XCConfigurationList section */
	};
	rootObject = AFD1A70D1C3E100B004AE595 /* Project object */;
}
