// !$*UTF8*$!
{
	archiveVersion = 1;
	classes = {
	};
	objectVersion = 46;
	objects = {

/* Begin PBXBuildFile section */
		AFC5D6BA1C3C9AF200D7B7F4 /* main.m in Sources */ = {isa = PBXBuildFile; fileRef = AFC5D6B91C3C9AF200D7B7F4 /* main.m */; };
		AFC5D6C31C3C9BD100D7B7F4 /* ConcreteComponent.m in Sources */ = {isa = PBXBuildFile; fileRef = AFC5D6C21C3C9BD100D7B7F4 /* ConcreteComponent.m */; };
		AFC5D6C61C3C9CBD00D7B7F4 /* Decorator.m in Sources */ = {isa = PBXBuildFile; fileRef = AFC5D6C51C3C9CBD00D7B7F4 /* Decorator.m */; };
		AFC5D6C91C3C9DAF00D7B7F4 /* ConcreteDecoratorA.m in Sources */ = {isa = PBXBuildFile; fileRef = AFC5D6C81C3C9DAF00D7B7F4 /* ConcreteDecoratorA.m */; };
		AFC5D6CF1C3C9FA700D7B7F4 /* ConcreteDecoratorB.m in Sources */ = {isa = PBXBuildFile; fileRef = AFC5D6CE1C3C9FA700D7B7F4 /* ConcreteDecoratorB.m */; };
		AFC5D6D91C3CB0E600D7B7F4 /* main.m in Sources */ = {isa = PBXBuildFile; fileRef = AFC5D6D81C3CB0E600D7B7F4 /* main.m */; };
		AFC5D6DF1C3CB14400D7B7F4 /* DecoratorObject.m in Sources */ = {isa = PBXBuildFile; fileRef = AFC5D6DE1C3CB14400D7B7F4 /* DecoratorObject.m */; };
		AFC5D6E21C3CB15900D7B7F4 /* Decorator.m in Sources */ = {isa = PBXBuildFile; fileRef = AFC5D6E11C3CB15900D7B7F4 /* Decorator.m */; };
		AFC5D6E61C3CB38700D7B7F4 /* DecoratorA.m in Sources */ = {isa = PBXBuildFile; fileRef = AFC5D6E51C3CB38700D7B7F4 /* DecoratorA.m */; };
		AFC5D6E91C3CB60000D7B7F4 /* DecoratorB.m in Sources */ = {isa = PBXBuildFile; fileRef = AFC5D6E81C3CB60000D7B7F4 /* DecoratorB.m */; };
/* End PBXBuildFile section */

/* Begin PBXCopyFilesBuildPhase section */
		AFC5D6B41C3C9AF200D7B7F4 /* CopyFiles */ = {
			isa = PBXCopyFilesBuildPhase;
			buildActionMask = 2147483647;
			dstPath = /usr/share/man/man1/;
			dstSubfolderSpec = 0;
			files = (
			);
			runOnlyForDeploymentPostprocessing = 1;
		};
		AFC5D6D41C3CB0E600D7B7F4 /* CopyFiles */ = {
			isa = PBXCopyFilesBuildPhase;
			buildActionMask = 2147483647;
			dstPath = /usr/share/man/man1/;
			dstSubfolderSpec = 0;
			files = (
			);
			runOnlyForDeploymentPostprocessing = 1;
		};
/* End PBXCopyFilesBuildPhase section */

/* Begin PBXFileReference section */
		AFC5D6B61C3C9AF200D7B7F4 /* Decorator */ = {isa = PBXFileReference; explicitFileType = "compiled.mach-o.executable"; includeInIndex = 0; path = Decorator; sourceTree = BUILT_PRODUCTS_DIR; };
		AFC5D6B91C3C9AF200D7B7F4 /* main.m */ = {isa = PBXFileReference; lastKnownFileType = sourcecode.c.objc; path = main.m; sourceTree = "<group>"; };
		AFC5D6C01C3C9B5300D7B7F4 /* Componentprotocol.h */ = {isa = PBXFileReference; fileEncoding = 4; lastKnownFileType = sourcecode.c.h; path = Componentprotocol.h; sourceTree = "<group>"; };
		AFC5D6C11C3C9BD100D7B7F4 /* ConcreteComponent.h */ = {isa = PBXFileReference; fileEncoding = 4; lastKnownFileType = sourcecode.c.h; path = ConcreteComponent.h; sourceTree = "<group>"; };
		AFC5D6C21C3C9BD100D7B7F4 /* ConcreteComponent.m */ = {isa = PBXFileReference; fileEncoding = 4; lastKnownFileType = sourcecode.c.objc; path = ConcreteComponent.m; sourceTree = "<group>"; };
		AFC5D6C41C3C9CBD00D7B7F4 /* Decorator.h */ = {isa = PBXFileReference; fileEncoding = 4; lastKnownFileType = sourcecode.c.h; path = Decorator.h; sourceTree = "<group>"; };
		AFC5D6C51C3C9CBD00D7B7F4 /* Decorator.m */ = {isa = PBXFileReference; fileEncoding = 4; lastKnownFileType = sourcecode.c.objc; path = Decorator.m; sourceTree = "<group>"; };
		AFC5D6C71C3C9DAF00D7B7F4 /* ConcreteDecoratorA.h */ = {isa = PBXFileReference; fileEncoding = 4; lastKnownFileType = sourcecode.c.h; path = ConcreteDecoratorA.h; sourceTree = "<group>"; };
		AFC5D6C81C3C9DAF00D7B7F4 /* ConcreteDecoratorA.m */ = {isa = PBXFileReference; fileEncoding = 4; lastKnownFileType = sourcecode.c.objc; path = ConcreteDecoratorA.m; sourceTree = "<group>"; };
		AFC5D6CD1C3C9FA700D7B7F4 /* ConcreteDecoratorB.h */ = {isa = PBXFileReference; fileEncoding = 4; lastKnownFileType = sourcecode.c.h; path = ConcreteDecoratorB.h; sourceTree = "<group>"; };
		AFC5D6CE1C3C9FA700D7B7F4 /* ConcreteDecoratorB.m */ = {isa = PBXFileReference; fileEncoding = 4; lastKnownFileType = sourcecode.c.objc; path = ConcreteDecoratorB.m; sourceTree = "<group>"; };
		AFC5D6D61C3CB0E600D7B7F4 /* Decorator2 */ = {isa = PBXFileReference; explicitFileType = "compiled.mach-o.executable"; includeInIndex = 0; path = Decorator2; sourceTree = BUILT_PRODUCTS_DIR; };
		AFC5D6D81C3CB0E600D7B7F4 /* main.m */ = {isa = PBXFileReference; lastKnownFileType = sourcecode.c.objc; path = main.m; sourceTree = "<group>"; };
		AFC5D6DD1C3CB14400D7B7F4 /* DecoratorObject.h */ = {isa = PBXFileReference; fileEncoding = 4; lastKnownFileType = sourcecode.c.h; path = DecoratorObject.h; sourceTree = "<group>"; };
		AFC5D6DE1C3CB14400D7B7F4 /* DecoratorObject.m */ = {isa = PBXFileReference; fileEncoding = 4; lastKnownFileType = sourcecode.c.objc; path = DecoratorObject.m; sourceTree = "<group>"; };
		AFC5D6E01C3CB15900D7B7F4 /* Decorator.h */ = {isa = PBXFileReference; fileEncoding = 4; lastKnownFileType = sourcecode.c.h; path = Decorator.h; sourceTree = "<group>"; };
		AFC5D6E11C3CB15900D7B7F4 /* Decorator.m */ = {isa = PBXFileReference; fileEncoding = 4; lastKnownFileType = sourcecode.c.objc; path = Decorator.m; sourceTree = "<group>"; };
		AFC5D6E31C3CB17D00D7B7F4 /* DecoratorProcotol.h */ = {isa = PBXFileReference; fileEncoding = 4; lastKnownFileType = sourcecode.c.h; path = DecoratorProcotol.h; sourceTree = "<group>"; };
		AFC5D6E41C3CB38700D7B7F4 /* DecoratorA.h */ = {isa = PBXFileReference; fileEncoding = 4; lastKnownFileType = sourcecode.c.h; path = DecoratorA.h; sourceTree = "<group>"; };
		AFC5D6E51C3CB38700D7B7F4 /* DecoratorA.m */ = {isa = PBXFileReference; fileEncoding = 4; lastKnownFileType = sourcecode.c.objc; path = DecoratorA.m; sourceTree = "<group>"; };
		AFC5D6E71C3CB60000D7B7F4 /* DecoratorB.h */ = {isa = PBXFileReference; fileEncoding = 4; lastKnownFileType = sourcecode.c.h; path = DecoratorB.h; sourceTree = "<group>"; };
		AFC5D6E81C3CB60000D7B7F4 /* DecoratorB.m */ = {isa = PBXFileReference; fileEncoding = 4; lastKnownFileType = sourcecode.c.objc; path = DecoratorB.m; sourceTree = "<group>"; };
/* End PBXFileReference section */

/* Begin PBXFrameworksBuildPhase section */
		AFC5D6B31C3C9AF200D7B7F4 /* Frameworks */ = {
			isa = PBXFrameworksBuildPhase;
			buildActionMask = 2147483647;
			files = (
			);
			runOnlyForDeploymentPostprocessing = 0;
		};
		AFC5D6D31C3CB0E600D7B7F4 /* Frameworks */ = {
			isa = PBXFrameworksBuildPhase;
			buildActionMask = 2147483647;
			files = (
			);
			runOnlyForDeploymentPostprocessing = 0;
		};
/* End PBXFrameworksBuildPhase section */

/* Begin PBXGroup section */
		AFC5D6AD1C3C9AF200D7B7F4 = {
			isa = PBXGroup;
			children = (
				AFC5D6B81C3C9AF200D7B7F4 /* Decorator */,
				AFC5D6D71C3CB0E600D7B7F4 /* Decorator2 */,
				AFC5D6B71C3C9AF200D7B7F4 /* Products */,
			);
			sourceTree = "<group>";
		};
		AFC5D6B71C3C9AF200D7B7F4 /* Products */ = {
			isa = PBXGroup;
			children = (
				AFC5D6B61C3C9AF200D7B7F4 /* Decorator */,
				AFC5D6D61C3CB0E600D7B7F4 /* Decorator2 */,
			);
			name = Products;
			sourceTree = "<group>";
		};
		AFC5D6B81C3C9AF200D7B7F4 /* Decorator */ = {
			isa = PBXGroup;
			children = (
				AFC5D6B91C3C9AF200D7B7F4 /* main.m */,
				AFC5D6C01C3C9B5300D7B7F4 /* Componentprotocol.h */,
				AFC5D6C41C3C9CBD00D7B7F4 /* Decorator.h */,
				AFC5D6C51C3C9CBD00D7B7F4 /* Decorator.m */,
				AFC5D6C71C3C9DAF00D7B7F4 /* ConcreteDecoratorA.h */,
				AFC5D6C81C3C9DAF00D7B7F4 /* ConcreteDecoratorA.m */,
				AFC5D6CD1C3C9FA700D7B7F4 /* ConcreteDecoratorB.h */,
				AFC5D6CE1C3C9FA700D7B7F4 /* ConcreteDecoratorB.m */,
				AFC5D6C11C3C9BD100D7B7F4 /* ConcreteComponent.h */,
				AFC5D6C21C3C9BD100D7B7F4 /* ConcreteComponent.m */,
			);
			path = Decorator;
			sourceTree = "<group>";
		};
		AFC5D6D71C3CB0E600D7B7F4 /* Decorator2 */ = {
			isa = PBXGroup;
			children = (
				AFC5D6D81C3CB0E600D7B7F4 /* main.m */,
				AFC5D6E01C3CB15900D7B7F4 /* Decorator.h */,
				AFC5D6E11C3CB15900D7B7F4 /* Decorator.m */,
				AFC5D6E41C3CB38700D7B7F4 /* DecoratorA.h */,
				AFC5D6E51C3CB38700D7B7F4 /* DecoratorA.m */,
				AFC5D6E71C3CB60000D7B7F4 /* DecoratorB.h */,
				AFC5D6E81C3CB60000D7B7F4 /* DecoratorB.m */,
				AFC5D6E31C3CB17D00D7B7F4 /* DecoratorProcotol.h */,
				AFC5D6DD1C3CB14400D7B7F4 /* DecoratorObject.h */,
				AFC5D6DE1C3CB14400D7B7F4 /* DecoratorObject.m */,
			);
			path = Decorator2;
			sourceTree = "<group>";
		};
/* End PBXGroup section */

/* Begin PBXNativeTarget section */
		AFC5D6B51C3C9AF200D7B7F4 /* Decorator */ = {
			isa = PBXNativeTarget;
			buildConfigurationList = AFC5D6BD1C3C9AF200D7B7F4 /* Build configuration list for PBXNativeTarget "Decorator" */;
			buildPhases = (
				AFC5D6B21C3C9AF200D7B7F4 /* Sources */,
				AFC5D6B31C3C9AF200D7B7F4 /* Frameworks */,
				AFC5D6B41C3C9AF200D7B7F4 /* CopyFiles */,
			);
			buildRules = (
			);
			dependencies = (
			);
			name = Decorator;
			productName = Decorator;
			productReference = AFC5D6B61C3C9AF200D7B7F4 /* Decorator */;
			productType = "com.apple.product-type.tool";
		};
		AFC5D6D51C3CB0E600D7B7F4 /* Decorator2 */ = {
			isa = PBXNativeTarget;
			buildConfigurationList = AFC5D6DA1C3CB0E600D7B7F4 /* Build configuration list for PBXNativeTarget "Decorator2" */;
			buildPhases = (
				AFC5D6D21C3CB0E600D7B7F4 /* Sources */,
				AFC5D6D31C3CB0E600D7B7F4 /* Frameworks */,
				AFC5D6D41C3CB0E600D7B7F4 /* CopyFiles */,
			);
			buildRules = (
			);
			dependencies = (
			);
			name = Decorator2;
			productName = Decorator2;
			productReference = AFC5D6D61C3CB0E600D7B7F4 /* Decorator2 */;
			productType = "com.apple.product-type.tool";
		};
/* End PBXNativeTarget section */

/* Begin PBXProject section */
		AFC5D6AE1C3C9AF200D7B7F4 /* Project object */ = {
			isa = PBXProject;
			attributes = {
				LastUpgradeCheck = 0640;
				ORGANIZATIONNAME = students;
				TargetAttributes = {
					AFC5D6B51C3C9AF200D7B7F4 = {
						CreatedOnToolsVersion = 6.4;
					};
					AFC5D6D51C3CB0E600D7B7F4 = {
						CreatedOnToolsVersion = 6.4;
					};
				};
			};
			buildConfigurationList = AFC5D6B11C3C9AF200D7B7F4 /* Build configuration list for PBXProject "Decorator" */;
			compatibilityVersion = "Xcode 3.2";
			developmentRegion = English;
			hasScannedForEncodings = 0;
			knownRegions = (
				en,
			);
			mainGroup = AFC5D6AD1C3C9AF200D7B7F4;
			productRefGroup = AFC5D6B71C3C9AF200D7B7F4 /* Products */;
			projectDirPath = "";
			projectRoot = "";
			targets = (
				AFC5D6B51C3C9AF200D7B7F4 /* Decorator */,
				AFC5D6D51C3CB0E600D7B7F4 /* Decorator2 */,
			);
		};
/* End PBXProject section */

/* Begin PBXSourcesBuildPhase section */
		AFC5D6B21C3C9AF200D7B7F4 /* Sources */ = {
			isa = PBXSourcesBuildPhase;
			buildActionMask = 2147483647;
			files = (
				AFC5D6C31C3C9BD100D7B7F4 /* ConcreteComponent.m in Sources */,
				AFC5D6CF1C3C9FA700D7B7F4 /* ConcreteDecoratorB.m in Sources */,
				AFC5D6BA1C3C9AF200D7B7F4 /* main.m in Sources */,
				AFC5D6C91C3C9DAF00D7B7F4 /* ConcreteDecoratorA.m in Sources */,
				AFC5D6C61C3C9CBD00D7B7F4 /* Decorator.m in Sources */,
			);
			runOnlyForDeploymentPostprocessing = 0;
		};
		AFC5D6D21C3CB0E600D7B7F4 /* Sources */ = {
			isa = PBXSourcesBuildPhase;
			buildActionMask = 2147483647;
			files = (
				AFC5D6DF1C3CB14400D7B7F4 /* DecoratorObject.m in Sources */,
				AFC5D6E91C3CB60000D7B7F4 /* DecoratorB.m in Sources */,
				AFC5D6D91C3CB0E600D7B7F4 /* main.m in Sources */,
				AFC5D6E21C3CB15900D7B7F4 /* Decorator.m in Sources */,
				AFC5D6E61C3CB38700D7B7F4 /* DecoratorA.m in Sources */,
			);
			runOnlyForDeploymentPostprocessing = 0;
		};
/* End PBXSourcesBuildPhase section */

/* Begin XCBuildConfiguration section */
		AFC5D6BB1C3C9AF200D7B7F4 /* Debug */ = {
			isa = XCBuildConfiguration;
			buildSettings = {
				ALWAYS_SEARCH_USER_PATHS = NO;
				CLANG_CXX_LANGUAGE_STANDARD = "gnu++0x";
				CLANG_CXX_LIBRARY = "libc++";
				CLANG_ENABLE_MODULES = YES;
				CLANG_ENABLE_OBJC_ARC = YES;
				CLANG_WARN_BOOL_CONVERSION = YES;
				CLANG_WARN_CONSTANT_CONVERSION = YES;
				CLANG_WARN_DIRECT_OBJC_ISA_USAGE = YES_ERROR;
				CLANG_WARN_EMPTY_BODY = YES;
				CLANG_WARN_ENUM_CONVERSION = YES;
				CLANG_WARN_INT_CONVERSION = YES;
				CLANG_WARN_OBJC_ROOT_CLASS = YES_ERROR;
				CLANG_WARN_UNREACHABLE_CODE = YES;
				CLANG_WARN__DUPLICATE_METHOD_MATCH = YES;
				COPY_PHASE_STRIP = NO;
				DEBUG_INFORMATION_FORMAT = dwarf;
				ENABLE_STRICT_OBJC_MSGSEND = YES;
				GCC_C_LANGUAGE_STANDARD = gnu99;
				GCC_DYNAMIC_NO_PIC = NO;
				GCC_NO_COMMON_BLOCKS = YES;
				GCC_OPTIMIZATION_LEVEL = 0;
				GCC_PREPROCESSOR_DEFINITIONS = (
					"DEBUG=1",
					"$(inherited)",
				);
				GCC_SYMBOLS_PRIVATE_EXTERN = NO;
				GCC_WARN_64_TO_32_BIT_CONVERSION = YES;
				GCC_WARN_ABOUT_RETURN_TYPE = YES_ERROR;
				GCC_WARN_UNDECLARED_SELECTOR = YES;
				GCC_WARN_UNINITIALIZED_AUTOS = YES_AGGRESSIVE;
				GCC_WARN_UNUSED_FUNCTION = YES;
				GCC_WARN_UNUSED_VARIABLE = YES;
				MACOSX_DEPLOYMENT_TARGET = 10.10;
				MTL_ENABLE_DEBUG_INFO = YES;
				ONLY_ACTIVE_ARCH = YES;
				SDKROOT = macosx;
			};
			name = Debug;
		};
		AFC5D6BC1C3C9AF200D7B7F4 /* Release */ = {
			isa = XCBuildConfiguration;
			buildSettings = {
				ALWAYS_SEARCH_USER_PATHS = NO;
				CLANG_CXX_LANGUAGE_STANDARD = "gnu++0x";
				CLANG_CXX_LIBRARY = "libc++";
				CLANG_ENABLE_MODULES = YES;
				CLANG_ENABLE_OBJC_ARC = YES;
				CLANG_WARN_BOOL_CONVERSION = YES;
				CLANG_WARN_CONSTANT_CONVERSION = YES;
				CLANG_WARN_DIRECT_OBJC_ISA_USAGE = YES_ERROR;
				CLANG_WARN_EMPTY_BODY = YES;
				CLANG_WARN_ENUM_CONVERSION = YES;
				CLANG_WARN_INT_CONVERSION = YES;
				CLANG_WARN_OBJC_ROOT_CLASS = YES_ERROR;
				CLANG_WARN_UNREACHABLE_CODE = YES;
				CLANG_WARN__DUPLICATE_METHOD_MATCH = YES;
				COPY_PHASE_STRIP = NO;
				DEBUG_INFORMATION_FORMAT = "dwarf-with-dsym";
				ENABLE_NS_ASSERTIONS = NO;
				ENABLE_STRICT_OBJC_MSGSEND = YES;
				GCC_C_LANGUAGE_STANDARD = gnu99;
				GCC_NO_COMMON_BLOCKS = YES;
				GCC_WARN_64_TO_32_BIT_CONVERSION = YES;
				GCC_WARN_ABOUT_RETURN_TYPE = YES_ERROR;
				GCC_WARN_UNDECLARED_SELECTOR = YES;
				GCC_WARN_UNINITIALIZED_AUTOS = YES_AGGRESSIVE;
				GCC_WARN_UNUSED_FUNCTION = YES;
				GCC_WARN_UNUSED_VARIABLE = YES;
				MACOSX_DEPLOYMENT_TARGET = 10.10;
				MTL_ENABLE_DEBUG_INFO = NO;
				SDKROOT = macosx;
			};
			name = Release;
		};
		AFC5D6BE1C3C9AF200D7B7F4 /* Debug */ = {
			isa = XCBuildConfiguration;
			buildSettings = {
				PRODUCT_NAME = "$(TARGET_NAME)";
			};
			name = Debug;
		};
		AFC5D6BF1C3C9AF200D7B7F4 /* Release */ = {
			isa = XCBuildConfiguration;
			buildSettings = {
				PRODUCT_NAME = "$(TARGET_NAME)";
			};
			name = Release;
		};
		AFC5D6DB1C3CB0E600D7B7F4 /* Debug */ = {
			isa = XCBuildConfiguration;
			buildSettings = {
				GCC_PREPROCESSOR_DEFINITIONS = (
					"DEBUG=1",
					"$(inherited)",
				);
				PRODUCT_NAME = "$(TARGET_NAME)";
			};
			name = Debug;
		};
		AFC5D6DC1C3CB0E600D7B7F4 /* Release */ = {
			isa = XCBuildConfiguration;
			buildSettings = {
				PRODUCT_NAME = "$(TARGET_NAME)";
			};
			name = Release;
		};
/* End XCBuildConfiguration section */

/* Begin XCConfigurationList section */
		AFC5D6B11C3C9AF200D7B7F4 /* Build configuration list for PBXProject "Decorator" */ = {
			isa = XCConfigurationList;
			buildConfigurations = (
				AFC5D6BB1C3C9AF200D7B7F4 /* Debug */,
				AFC5D6BC1C3C9AF200D7B7F4 /* Release */,
			);
			defaultConfigurationIsVisible = 0;
			defaultConfigurationName = Release;
		};
		AFC5D6BD1C3C9AF200D7B7F4 /* Build configuration list for PBXNativeTarget "Decorator" */ = {
			isa = XCConfigurationList;
			buildConfigurations = (
				AFC5D6BE1C3C9AF200D7B7F4 /* Debug */,
				AFC5D6BF1C3C9AF200D7B7F4 /* Release */,
			);
			defaultConfigurationIsVisible = 0;
			defaultConfigurationName = Release;
		};
		AFC5D6DA1C3CB0E600D7B7F4 /* Build configuration list for PBXNativeTarget "Decorator2" */ = {
			isa = XCConfigurationList;
			buildConfigurations = (
				AFC5D6DB1C3CB0E600D7B7F4 /* Debug */,
				AFC5D6DC1C3CB0E600D7B7F4 /* Release */,
			);
			defaultConfigurationIsVisible = 0;
		};
/* End XCConfigurationList section */
	};
	rootObject = AFC5D6AE1C3C9AF200D7B7F4 /* Project object */;
}
