// !$*UTF8*$!
{
	archiveVersion = 1;
	classes = {
	};
	objectVersion = 46;
	objects = {

/* Begin PBXBuildFile section */
		AFCAA7001C4339BE004AA36D /* main.m in Sources */ = {isa = PBXBuildFile; fileRef = AFCAA6FF1C4339BE004AA36D /* main.m */; };
		AFCAA7061C433B1A004AA36D /* ModuleA.m in Sources */ = {isa = PBXBuildFile; fileRef = AFCAA7051C433B1A004AA36D /* ModuleA.m */; };
		AFCAA7091C433B28004AA36D /* ModuleB.m in Sources */ = {isa = PBXBuildFile; fileRef = AFCAA7081C433B28004AA36D /* ModuleB.m */; };
		AFCAA70C1C433B3B004AA36D /* ModuleC.m in Sources */ = {isa = PBXBuildFile; fileRef = AFCAA70B1C433B3B004AA36D /* ModuleC.m */; };
		AFCAA70F1C433B49004AA36D /* Facade.m in Sources */ = {isa = PBXBuildFile; fileRef = AFCAA70E1C433B49004AA36D /* Facade.m */; };
/* End PBXBuildFile section */

/* Begin PBXCopyFilesBuildPhase section */
		AFCAA6FB1C4339BE004AA36D /* CopyFiles */ = {
			isa = PBXCopyFilesBuildPhase;
			buildActionMask = 2147483647;
			dstPath = /usr/share/man/man1/;
			dstSubfolderSpec = 0;
			files = (
			);
			runOnlyForDeploymentPostprocessing = 1;
		};
		AFCB41621C414066005ECAAE /* CopyFiles */ = {
			isa = PBXCopyFilesBuildPhase;
			buildActionMask = 2147483647;
			dstPath = /usr/share/man/man1/;
			dstSubfolderSpec = 0;
			files = (
			);
			runOnlyForDeploymentPostprocessing = 1;
		};
/* End PBXCopyFilesBuildPhase section */

/* Begin PBXFileReference section */
		AFCAA6FD1C4339BE004AA36D /* Facade模式 */ = {isa = PBXFileReference; explicitFileType = "compiled.mach-o.executable"; includeInIndex = 0; path = "Facade模式"; sourceTree = BUILT_PRODUCTS_DIR; };
		AFCAA6FF1C4339BE004AA36D /* main.m */ = {isa = PBXFileReference; lastKnownFileType = sourcecode.c.objc; path = main.m; sourceTree = "<group>"; };
		AFCAA7041C433B1A004AA36D /* ModuleA.h */ = {isa = PBXFileReference; fileEncoding = 4; lastKnownFileType = sourcecode.c.h; path = ModuleA.h; sourceTree = "<group>"; };
		AFCAA7051C433B1A004AA36D /* ModuleA.m */ = {isa = PBXFileReference; fileEncoding = 4; lastKnownFileType = sourcecode.c.objc; path = ModuleA.m; sourceTree = "<group>"; };
		AFCAA7071C433B28004AA36D /* ModuleB.h */ = {isa = PBXFileReference; fileEncoding = 4; lastKnownFileType = sourcecode.c.h; path = ModuleB.h; sourceTree = "<group>"; };
		AFCAA7081C433B28004AA36D /* ModuleB.m */ = {isa = PBXFileReference; fileEncoding = 4; lastKnownFileType = sourcecode.c.objc; path = ModuleB.m; sourceTree = "<group>"; };
		AFCAA70A1C433B3B004AA36D /* ModuleC.h */ = {isa = PBXFileReference; fileEncoding = 4; lastKnownFileType = sourcecode.c.h; path = ModuleC.h; sourceTree = "<group>"; };
		AFCAA70B1C433B3B004AA36D /* ModuleC.m */ = {isa = PBXFileReference; fileEncoding = 4; lastKnownFileType = sourcecode.c.objc; path = ModuleC.m; sourceTree = "<group>"; };
		AFCAA70D1C433B49004AA36D /* Facade.h */ = {isa = PBXFileReference; fileEncoding = 4; lastKnownFileType = sourcecode.c.h; path = Facade.h; sourceTree = "<group>"; };
		AFCAA70E1C433B49004AA36D /* Facade.m */ = {isa = PBXFileReference; fileEncoding = 4; lastKnownFileType = sourcecode.c.objc; path = Facade.m; sourceTree = "<group>"; };
		AFCB41641C414066005ECAAE /* 门面模式 */ = {isa = PBXFileReference; explicitFileType = "compiled.mach-o.executable"; includeInIndex = 0; path = "门面模式"; sourceTree = BUILT_PRODUCTS_DIR; };
/* End PBXFileReference section */

/* Begin PBXFrameworksBuildPhase section */
		AFCAA6FA1C4339BE004AA36D /* Frameworks */ = {
			isa = PBXFrameworksBuildPhase;
			buildActionMask = 2147483647;
			files = (
			);
			runOnlyForDeploymentPostprocessing = 0;
		};
		AFCB41611C414066005ECAAE /* Frameworks */ = {
			isa = PBXFrameworksBuildPhase;
			buildActionMask = 2147483647;
			files = (
			);
			runOnlyForDeploymentPostprocessing = 0;
		};
/* End PBXFrameworksBuildPhase section */

/* Begin PBXGroup section */
		AFCAA6FE1C4339BE004AA36D /* Facade模式 */ = {
			isa = PBXGroup;
			children = (
				AFCAA6FF1C4339BE004AA36D /* main.m */,
				AFCAA70D1C433B49004AA36D /* Facade.h */,
				AFCAA70E1C433B49004AA36D /* Facade.m */,
				AFCAA70A1C433B3B004AA36D /* ModuleC.h */,
				AFCAA70B1C433B3B004AA36D /* ModuleC.m */,
				AFCAA7071C433B28004AA36D /* ModuleB.h */,
				AFCAA7081C433B28004AA36D /* ModuleB.m */,
				AFCAA7041C433B1A004AA36D /* ModuleA.h */,
				AFCAA7051C433B1A004AA36D /* ModuleA.m */,
			);
			path = "Facade模式";
			sourceTree = "<group>";
		};
		AFCB415B1C414066005ECAAE = {
			isa = PBXGroup;
			children = (
				AFCAA6FE1C4339BE004AA36D /* Facade模式 */,
				AFCB41651C414066005ECAAE /* Products */,
			);
			sourceTree = "<group>";
		};
		AFCB41651C414066005ECAAE /* Products */ = {
			isa = PBXGroup;
			children = (
				AFCB41641C414066005ECAAE /* 门面模式 */,
				AFCAA6FD1C4339BE004AA36D /* Facade模式 */,
			);
			name = Products;
			sourceTree = "<group>";
		};
/* End PBXGroup section */

/* Begin PBXNativeTarget section */
		AFCAA6FC1C4339BE004AA36D /* Facade模式 */ = {
			isa = PBXNativeTarget;
			buildConfigurationList = AFCAA7011C4339BE004AA36D /* Build configuration list for PBXNativeTarget "Facade模式" */;
			buildPhases = (
				AFCAA6F91C4339BE004AA36D /* Sources */,
				AFCAA6FA1C4339BE004AA36D /* Frameworks */,
				AFCAA6FB1C4339BE004AA36D /* CopyFiles */,
			);
			buildRules = (
			);
			dependencies = (
			);
			name = "Facade模式";
			productName = "Facade模式";
			productReference = AFCAA6FD1C4339BE004AA36D /* Facade模式 */;
			productType = "com.apple.product-type.tool";
		};
		AFCB41631C414066005ECAAE /* 门面模式 */ = {
			isa = PBXNativeTarget;
			buildConfigurationList = AFCB416B1C414066005ECAAE /* Build configuration list for PBXNativeTarget "门面模式" */;
			buildPhases = (
				AFCB41601C414066005ECAAE /* Sources */,
				AFCB41611C414066005ECAAE /* Frameworks */,
				AFCB41621C414066005ECAAE /* CopyFiles */,
			);
			buildRules = (
			);
			dependencies = (
			);
			name = "门面模式";
			productName = "门面模式";
			productReference = AFCB41641C414066005ECAAE /* 门面模式 */;
			productType = "com.apple.product-type.tool";
		};
/* End PBXNativeTarget section */

/* Begin PBXProject section */
		AFCB415C1C414066005ECAAE /* Project object */ = {
			isa = PBXProject;
			attributes = {
				LastUpgradeCheck = 0640;
				ORGANIZATIONNAME = YML;
				TargetAttributes = {
					AFCAA6FC1C4339BE004AA36D = {
						CreatedOnToolsVersion = 6.4;
					};
					AFCB41631C414066005ECAAE = {
						CreatedOnToolsVersion = 6.4;
					};
				};
			};
			buildConfigurationList = AFCB415F1C414066005ECAAE /* Build configuration list for PBXProject "门面模式" */;
			compatibilityVersion = "Xcode 3.2";
			developmentRegion = English;
			hasScannedForEncodings = 0;
			knownRegions = (
				en,
			);
			mainGroup = AFCB415B1C414066005ECAAE;
			productRefGroup = AFCB41651C414066005ECAAE /* Products */;
			projectDirPath = "";
			projectRoot = "";
			targets = (
				AFCB41631C414066005ECAAE /* 门面模式 */,
				AFCAA6FC1C4339BE004AA36D /* Facade模式 */,
			);
		};
/* End PBXProject section */

/* Begin PBXSourcesBuildPhase section */
		AFCAA6F91C4339BE004AA36D /* Sources */ = {
			isa = PBXSourcesBuildPhase;
			buildActionMask = 2147483647;
			files = (
				AFCAA7091C433B28004AA36D /* ModuleB.m in Sources */,
				AFCAA70C1C433B3B004AA36D /* ModuleC.m in Sources */,
				AFCAA7001C4339BE004AA36D /* main.m in Sources */,
				AFCAA7061C433B1A004AA36D /* ModuleA.m in Sources */,
				AFCAA70F1C433B49004AA36D /* Facade.m in Sources */,
			);
			runOnlyForDeploymentPostprocessing = 0;
		};
		AFCB41601C414066005ECAAE /* Sources */ = {
			isa = PBXSourcesBuildPhase;
			buildActionMask = 2147483647;
			files = (
			);
			runOnlyForDeploymentPostprocessing = 0;
		};
/* End PBXSourcesBuildPhase section */

/* Begin XCBuildConfiguration section */
		AFCAA7021C4339BE004AA36D /* Debug */ = {
			isa = XCBuildConfiguration;
			buildSettings = {
				GCC_PREPROCESSOR_DEFINITIONS = (
					"DEBUG=1",
					"$(inherited)",
				);
				PRODUCT_NAME = "$(TARGET_NAME)";
			};
			name = Debug;
		};
		AFCAA7031C4339BE004AA36D /* Release */ = {
			isa = XCBuildConfiguration;
			buildSettings = {
				PRODUCT_NAME = "$(TARGET_NAME)";
			};
			name = Release;
		};
		AFCB41691C414066005ECAAE /* Debug */ = {
			isa = XCBuildConfiguration;
			buildSettings = {
				ALWAYS_SEARCH_USER_PATHS = NO;
				CLANG_CXX_LANGUAGE_STANDARD = "gnu++0x";
				CLANG_CXX_LIBRARY = "libc++";
				CLANG_ENABLE_MODULES = YES;
				CLANG_ENABLE_OBJC_ARC = YES;
				CLANG_WARN_BOOL_CONVERSION = YES;
				CLANG_WARN_CONSTANT_CONVERSION = YES;
				CLANG_WARN_DIRECT_OBJC_ISA_USAGE = YES_ERROR;
				CLANG_WARN_EMPTY_BODY = YES;
				CLANG_WARN_ENUM_CONVERSION = YES;
				CLANG_WARN_INT_CONVERSION = YES;
				CLANG_WARN_OBJC_ROOT_CLASS = YES_ERROR;
				CLANG_WARN_UNREACHABLE_CODE = YES;
				CLANG_WARN__DUPLICATE_METHOD_MATCH = YES;
				COPY_PHASE_STRIP = NO;
				DEBUG_INFORMATION_FORMAT = dwarf;
				ENABLE_STRICT_OBJC_MSGSEND = YES;
				GCC_C_LANGUAGE_STANDARD = gnu99;
				GCC_DYNAMIC_NO_PIC = NO;
				GCC_NO_COMMON_BLOCKS = YES;
				GCC_OPTIMIZATION_LEVEL = 0;
				GCC_PREPROCESSOR_DEFINITIONS = (
					"DEBUG=1",
					"$(inherited)",
				);
				GCC_SYMBOLS_PRIVATE_EXTERN = NO;
				GCC_WARN_64_TO_32_BIT_CONVERSION = YES;
				GCC_WARN_ABOUT_RETURN_TYPE = YES_ERROR;
				GCC_WARN_UNDECLARED_SELECTOR = YES;
				GCC_WARN_UNINITIALIZED_AUTOS = YES_AGGRESSIVE;
				GCC_WARN_UNUSED_FUNCTION = YES;
				GCC_WARN_UNUSED_VARIABLE = YES;
				MACOSX_DEPLOYMENT_TARGET = 10.10;
				MTL_ENABLE_DEBUG_INFO = YES;
				ONLY_ACTIVE_ARCH = YES;
				SDKROOT = macosx;
			};
			name = Debug;
		};
		AFCB416A1C414066005ECAAE /* Release */ = {
			isa = XCBuildConfiguration;
			buildSettings = {
				ALWAYS_SEARCH_USER_PATHS = NO;
				CLANG_CXX_LANGUAGE_STANDARD = "gnu++0x";
				CLANG_CXX_LIBRARY = "libc++";
				CLANG_ENABLE_MODULES = YES;
				CLANG_ENABLE_OBJC_ARC = YES;
				CLANG_WARN_BOOL_CONVERSION = YES;
				CLANG_WARN_CONSTANT_CONVERSION = YES;
				CLANG_WARN_DIRECT_OBJC_ISA_USAGE = YES_ERROR;
				CLANG_WARN_EMPTY_BODY = YES;
				CLANG_WARN_ENUM_CONVERSION = YES;
				CLANG_WARN_INT_CONVERSION = YES;
				CLANG_WARN_OBJC_ROOT_CLASS = YES_ERROR;
				CLANG_WARN_UNREACHABLE_CODE = YES;
				CLANG_WARN__DUPLICATE_METHOD_MATCH = YES;
				COPY_PHASE_STRIP = NO;
				DEBUG_INFORMATION_FORMAT = "dwarf-with-dsym";
				ENABLE_NS_ASSERTIONS = NO;
				ENABLE_STRICT_OBJC_MSGSEND = YES;
				GCC_C_LANGUAGE_STANDARD = gnu99;
				GCC_NO_COMMON_BLOCKS = YES;
				GCC_WARN_64_TO_32_BIT_CONVERSION = YES;
				GCC_WARN_ABOUT_RETURN_TYPE = YES_ERROR;
				GCC_WARN_UNDECLARED_SELECTOR = YES;
				GCC_WARN_UNINITIALIZED_AUTOS = YES_AGGRESSIVE;
				GCC_WARN_UNUSED_FUNCTION = YES;
				GCC_WARN_UNUSED_VARIABLE = YES;
				MACOSX_DEPLOYMENT_TARGET = 10.10;
				MTL_ENABLE_DEBUG_INFO = NO;
				SDKROOT = macosx;
			};
			name = Release;
		};
		AFCB416C1C414066005ECAAE /* Debug */ = {
			isa = XCBuildConfiguration;
			buildSettings = {
				PRODUCT_NAME = "$(TARGET_NAME)";
			};
			name = Debug;
		};
		AFCB416D1C414066005ECAAE /* Release */ = {
			isa = XCBuildConfiguration;
			buildSettings = {
				PRODUCT_NAME = "$(TARGET_NAME)";
			};
			name = Release;
		};
/* End XCBuildConfiguration section */

/* Begin XCConfigurationList section */
		AFCAA7011C4339BE004AA36D /* Build configuration list for PBXNativeTarget "Facade模式" */ = {
			isa = XCConfigurationList;
			buildConfigurations = (
				AFCAA7021C4339BE004AA36D /* Debug */,
				AFCAA7031C4339BE004AA36D /* Release */,
			);
			defaultConfigurationIsVisible = 0;
		};
		AFCB415F1C414066005ECAAE /* Build configuration list for PBXProject "门面模式" */ = {
			isa = XCConfigurationList;
			buildConfigurations = (
				AFCB41691C414066005ECAAE /* Debug */,
				AFCB416A1C414066005ECAAE /* Release */,
			);
			defaultConfigurationIsVisible = 0;
			defaultConfigurationName = Release;
		};
		AFCB416B1C414066005ECAAE /* Build configuration list for PBXNativeTarget "门面模式" */ = {
			isa = XCConfigurationList;
			buildConfigurations = (
				AFCB416C1C414066005ECAAE /* Debug */,
				AFCB416D1C414066005ECAAE /* Release */,
			);
			defaultConfigurationIsVisible = 0;
			defaultConfigurationName = Release;
		};
/* End XCConfigurationList section */
	};
	rootObject = AFCB415C1C414066005ECAAE /* Project object */;
}
