// !$*UTF8*$!
{
	archiveVersion = 1;
	classes = {
	};
	objectVersion = 46;
	objects = {

/* Begin PBXBuildFile section */
		AFE359781C4DC19E000BE895 /* main.m in Sources */ = {isa = PBXBuildFile; fileRef = AFE359771C4DC19E000BE895 /* main.m */; };
		AFE359821C4DC27D000BE895 /* BaseColleague.m in Sources */ = {isa = PBXBuildFile; fileRef = AFE359811C4DC27D000BE895 /* BaseColleague.m */; };
		AFE359851C4DC30D000BE895 /* Mediator.m in Sources */ = {isa = PBXBuildFile; fileRef = AFE359841C4DC30D000BE895 /* Mediator.m */; };
		AFE359BD1C4DD56D000BE895 /* ColleagueA.m in Sources */ = {isa = PBXBuildFile; fileRef = AFE359BC1C4DD56D000BE895 /* ColleagueA.m */; };
		AFE359C01C4DD583000BE895 /* ColleagueB.m in Sources */ = {isa = PBXBuildFile; fileRef = AFE359BF1C4DD583000BE895 /* ColleagueB.m */; };
		AFE359C31C4E0153000BE895 /* ColleagueC.m in Sources */ = {isa = PBXBuildFile; fileRef = AFE359C21C4E0152000BE895 /* ColleagueC.m */; };
		AFE359C61C4E0736000BE895 /* ColleagueD.m in Sources */ = {isa = PBXBuildFile; fileRef = AFE359C51C4E0736000BE895 /* ColleagueD.m */; };
/* End PBXBuildFile section */

/* Begin PBXCopyFilesBuildPhase section */
		AFE359721C4DC19E000BE895 /* CopyFiles */ = {
			isa = PBXCopyFilesBuildPhase;
			buildActionMask = 2147483647;
			dstPath = /usr/share/man/man1/;
			dstSubfolderSpec = 0;
			files = (
			);
			runOnlyForDeploymentPostprocessing = 1;
		};
/* End PBXCopyFilesBuildPhase section */

/* Begin PBXFileReference section */
		AFE359741C4DC19E000BE895 /* 中介者模式 */ = {isa = PBXFileReference; explicitFileType = "compiled.mach-o.executable"; includeInIndex = 0; path = "中介者模式"; sourceTree = BUILT_PRODUCTS_DIR; };
		AFE359771C4DC19E000BE895 /* main.m */ = {isa = PBXFileReference; lastKnownFileType = sourcecode.c.objc; path = main.m; sourceTree = "<group>"; };
		AFE3597F1C4DC233000BE895 /* AbstractMediator.h */ = {isa = PBXFileReference; fileEncoding = 4; lastKnownFileType = sourcecode.c.h; path = AbstractMediator.h; sourceTree = "<group>"; };
		AFE359801C4DC27D000BE895 /* BaseColleague.h */ = {isa = PBXFileReference; fileEncoding = 4; lastKnownFileType = sourcecode.c.h; path = BaseColleague.h; sourceTree = "<group>"; };
		AFE359811C4DC27D000BE895 /* BaseColleague.m */ = {isa = PBXFileReference; fileEncoding = 4; lastKnownFileType = sourcecode.c.objc; path = BaseColleague.m; sourceTree = "<group>"; };
		AFE359831C4DC30D000BE895 /* Mediator.h */ = {isa = PBXFileReference; fileEncoding = 4; lastKnownFileType = sourcecode.c.h; path = Mediator.h; sourceTree = "<group>"; };
		AFE359841C4DC30D000BE895 /* Mediator.m */ = {isa = PBXFileReference; fileEncoding = 4; lastKnownFileType = sourcecode.c.objc; path = Mediator.m; sourceTree = "<group>"; };
		AFE359BB1C4DD56D000BE895 /* ColleagueA.h */ = {isa = PBXFileReference; fileEncoding = 4; lastKnownFileType = sourcecode.c.h; path = ColleagueA.h; sourceTree = "<group>"; };
		AFE359BC1C4DD56D000BE895 /* ColleagueA.m */ = {isa = PBXFileReference; fileEncoding = 4; lastKnownFileType = sourcecode.c.objc; path = ColleagueA.m; sourceTree = "<group>"; };
		AFE359BE1C4DD583000BE895 /* ColleagueB.h */ = {isa = PBXFileReference; fileEncoding = 4; lastKnownFileType = sourcecode.c.h; path = ColleagueB.h; sourceTree = "<group>"; };
		AFE359BF1C4DD583000BE895 /* ColleagueB.m */ = {isa = PBXFileReference; fileEncoding = 4; lastKnownFileType = sourcecode.c.objc; path = ColleagueB.m; sourceTree = "<group>"; };
		AFE359C11C4E0152000BE895 /* ColleagueC.h */ = {isa = PBXFileReference; fileEncoding = 4; lastKnownFileType = sourcecode.c.h; path = ColleagueC.h; sourceTree = "<group>"; };
		AFE359C21C4E0152000BE895 /* ColleagueC.m */ = {isa = PBXFileReference; fileEncoding = 4; lastKnownFileType = sourcecode.c.objc; path = ColleagueC.m; sourceTree = "<group>"; };
		AFE359C41C4E0736000BE895 /* ColleagueD.h */ = {isa = PBXFileReference; fileEncoding = 4; lastKnownFileType = sourcecode.c.h; path = ColleagueD.h; sourceTree = "<group>"; };
		AFE359C51C4E0736000BE895 /* ColleagueD.m */ = {isa = PBXFileReference; fileEncoding = 4; lastKnownFileType = sourcecode.c.objc; path = ColleagueD.m; sourceTree = "<group>"; };
/* End PBXFileReference section */

/* Begin PBXFrameworksBuildPhase section */
		AFE359711C4DC19E000BE895 /* Frameworks */ = {
			isa = PBXFrameworksBuildPhase;
			buildActionMask = 2147483647;
			files = (
			);
			runOnlyForDeploymentPostprocessing = 0;
		};
/* End PBXFrameworksBuildPhase section */

/* Begin PBXGroup section */
		AFE3596B1C4DC19E000BE895 = {
			isa = PBXGroup;
			children = (
				AFE359761C4DC19E000BE895 /* 中介者模式 */,
				AFE359751C4DC19E000BE895 /* Products */,
			);
			sourceTree = "<group>";
		};
		AFE359751C4DC19E000BE895 /* Products */ = {
			isa = PBXGroup;
			children = (
				AFE359741C4DC19E000BE895 /* 中介者模式 */,
			);
			name = Products;
			sourceTree = "<group>";
		};
		AFE359761C4DC19E000BE895 /* 中介者模式 */ = {
			isa = PBXGroup;
			children = (
				AFE359771C4DC19E000BE895 /* main.m */,
				AFE3597F1C4DC233000BE895 /* AbstractMediator.h */,
				AFE359831C4DC30D000BE895 /* Mediator.h */,
				AFE359841C4DC30D000BE895 /* Mediator.m */,
				AFE359801C4DC27D000BE895 /* BaseColleague.h */,
				AFE359811C4DC27D000BE895 /* BaseColleague.m */,
				AFE359BE1C4DD583000BE895 /* ColleagueB.h */,
				AFE359BF1C4DD583000BE895 /* ColleagueB.m */,
				AFE359BB1C4DD56D000BE895 /* ColleagueA.h */,
				AFE359BC1C4DD56D000BE895 /* ColleagueA.m */,
				AFE359C41C4E0736000BE895 /* ColleagueD.h */,
				AFE359C51C4E0736000BE895 /* ColleagueD.m */,
				AFE359C11C4E0152000BE895 /* ColleagueC.h */,
				AFE359C21C4E0152000BE895 /* ColleagueC.m */,
			);
			path = "中介者模式";
			sourceTree = "<group>";
		};
/* End PBXGroup section */

/* Begin PBXNativeTarget section */
		AFE359731C4DC19E000BE895 /* 中介者模式 */ = {
			isa = PBXNativeTarget;
			buildConfigurationList = AFE3597B1C4DC19E000BE895 /* Build configuration list for PBXNativeTarget "中介者模式" */;
			buildPhases = (
				AFE359701C4DC19E000BE895 /* Sources */,
				AFE359711C4DC19E000BE895 /* Frameworks */,
				AFE359721C4DC19E000BE895 /* CopyFiles */,
			);
			buildRules = (
			);
			dependencies = (
			);
			name = "中介者模式";
			productName = "中介者模式";
			productReference = AFE359741C4DC19E000BE895 /* 中介者模式 */;
			productType = "com.apple.product-type.tool";
		};
/* End PBXNativeTarget section */

/* Begin PBXProject section */
		AFE3596C1C4DC19E000BE895 /* Project object */ = {
			isa = PBXProject;
			attributes = {
				LastUpgradeCheck = 0640;
				ORGANIZATIONNAME = YML;
				TargetAttributes = {
					AFE359731C4DC19E000BE895 = {
						CreatedOnToolsVersion = 6.4;
					};
				};
			};
			buildConfigurationList = AFE3596F1C4DC19E000BE895 /* Build configuration list for PBXProject "中介者模式" */;
			compatibilityVersion = "Xcode 3.2";
			developmentRegion = English;
			hasScannedForEncodings = 0;
			knownRegions = (
				en,
			);
			mainGroup = AFE3596B1C4DC19E000BE895;
			productRefGroup = AFE359751C4DC19E000BE895 /* Products */;
			projectDirPath = "";
			projectRoot = "";
			targets = (
				AFE359731C4DC19E000BE895 /* 中介者模式 */,
			);
		};
/* End PBXProject section */

/* Begin PBXSourcesBuildPhase section */
		AFE359701C4DC19E000BE895 /* Sources */ = {
			isa = PBXSourcesBuildPhase;
			buildActionMask = 2147483647;
			files = (
				AFE359851C4DC30D000BE895 /* Mediator.m in Sources */,
				AFE359BD1C4DD56D000BE895 /* ColleagueA.m in Sources */,
				AFE359C61C4E0736000BE895 /* ColleagueD.m in Sources */,
				AFE359821C4DC27D000BE895 /* BaseColleague.m in Sources */,
				AFE359781C4DC19E000BE895 /* main.m in Sources */,
				AFE359C01C4DD583000BE895 /* ColleagueB.m in Sources */,
				AFE359C31C4E0153000BE895 /* ColleagueC.m in Sources */,
			);
			runOnlyForDeploymentPostprocessing = 0;
		};
/* End PBXSourcesBuildPhase section */

/* Begin XCBuildConfiguration section */
		AFE359791C4DC19E000BE895 /* Debug */ = {
			isa = XCBuildConfiguration;
			buildSettings = {
				ALWAYS_SEARCH_USER_PATHS = NO;
				CLANG_CXX_LANGUAGE_STANDARD = "gnu++0x";
				CLANG_CXX_LIBRARY = "libc++";
				CLANG_ENABLE_MODULES = YES;
				CLANG_ENABLE_OBJC_ARC = YES;
				CLANG_WARN_BOOL_CONVERSION = YES;
				CLANG_WARN_CONSTANT_CONVERSION = YES;
				CLANG_WARN_DIRECT_OBJC_ISA_USAGE = YES_ERROR;
				CLANG_WARN_EMPTY_BODY = YES;
				CLANG_WARN_ENUM_CONVERSION = YES;
				CLANG_WARN_INT_CONVERSION = YES;
				CLANG_WARN_OBJC_ROOT_CLASS = YES_ERROR;
				CLANG_WARN_UNREACHABLE_CODE = YES;
				CLANG_WARN__DUPLICATE_METHOD_MATCH = YES;
				COPY_PHASE_STRIP = NO;
				DEBUG_INFORMATION_FORMAT = dwarf;
				ENABLE_STRICT_OBJC_MSGSEND = YES;
				GCC_C_LANGUAGE_STANDARD = gnu99;
				GCC_DYNAMIC_NO_PIC = NO;
				GCC_NO_COMMON_BLOCKS = YES;
				GCC_OPTIMIZATION_LEVEL = 0;
				GCC_PREPROCESSOR_DEFINITIONS = (
					"DEBUG=1",
					"$(inherited)",
				);
				GCC_SYMBOLS_PRIVATE_EXTERN = NO;
				GCC_WARN_64_TO_32_BIT_CONVERSION = YES;
				GCC_WARN_ABOUT_RETURN_TYPE = YES_ERROR;
				GCC_WARN_UNDECLARED_SELECTOR = YES;
				GCC_WARN_UNINITIALIZED_AUTOS = YES_AGGRESSIVE;
				GCC_WARN_UNUSED_FUNCTION = YES;
				GCC_WARN_UNUSED_VARIABLE = YES;
				MACOSX_DEPLOYMENT_TARGET = 10.10;
				MTL_ENABLE_DEBUG_INFO = YES;
				ONLY_ACTIVE_ARCH = YES;
				SDKROOT = macosx;
			};
			name = Debug;
		};
		AFE3597A1C4DC19E000BE895 /* Release */ = {
			isa = XCBuildConfiguration;
			buildSettings = {
				ALWAYS_SEARCH_USER_PATHS = NO;
				CLANG_CXX_LANGUAGE_STANDARD = "gnu++0x";
				CLANG_CXX_LIBRARY = "libc++";
				CLANG_ENABLE_MODULES = YES;
				CLANG_ENABLE_OBJC_ARC = YES;
				CLANG_WARN_BOOL_CONVERSION = YES;
				CLANG_WARN_CONSTANT_CONVERSION = YES;
				CLANG_WARN_DIRECT_OBJC_ISA_USAGE = YES_ERROR;
				CLANG_WARN_EMPTY_BODY = YES;
				CLANG_WARN_ENUM_CONVERSION = YES;
				CLANG_WARN_INT_CONVERSION = YES;
				CLANG_WARN_OBJC_ROOT_CLASS = YES_ERROR;
				CLANG_WARN_UNREACHABLE_CODE = YES;
				CLANG_WARN__DUPLICATE_METHOD_MATCH = YES;
				COPY_PHASE_STRIP = NO;
				DEBUG_INFORMATION_FORMAT = "dwarf-with-dsym";
				ENABLE_NS_ASSERTIONS = NO;
				ENABLE_STRICT_OBJC_MSGSEND = YES;
				GCC_C_LANGUAGE_STANDARD = gnu99;
				GCC_NO_COMMON_BLOCKS = YES;
				GCC_WARN_64_TO_32_BIT_CONVERSION = YES;
				GCC_WARN_ABOUT_RETURN_TYPE = YES_ERROR;
				GCC_WARN_UNDECLARED_SELECTOR = YES;
				GCC_WARN_UNINITIALIZED_AUTOS = YES_AGGRESSIVE;
				GCC_WARN_UNUSED_FUNCTION = YES;
				GCC_WARN_UNUSED_VARIABLE = YES;
				MACOSX_DEPLOYMENT_TARGET = 10.10;
				MTL_ENABLE_DEBUG_INFO = NO;
				SDKROOT = macosx;
			};
			name = Release;
		};
		AFE3597C1C4DC19E000BE895 /* Debug */ = {
			isa = XCBuildConfiguration;
			buildSettings = {
				PRODUCT_NAME = "$(TARGET_NAME)";
			};
			name = Debug;
		};
		AFE3597D1C4DC19E000BE895 /* Release */ = {
			isa = XCBuildConfiguration;
			buildSettings = {
				PRODUCT_NAME = "$(TARGET_NAME)";
			};
			name = Release;
		};
/* End XCBuildConfiguration section */

/* Begin XCConfigurationList section */
		AFE3596F1C4DC19E000BE895 /* Build configuration list for PBXProject "中介者模式" */ = {
			isa = XCConfigurationList;
			buildConfigurations = (
				AFE359791C4DC19E000BE895 /* Debug */,
				AFE3597A1C4DC19E000BE895 /* Release */,
			);
			defaultConfigurationIsVisible = 0;
			defaultConfigurationName = Release;
		};
		AFE3597B1C4DC19E000BE895 /* Build configuration list for PBXNativeTarget "中介者模式" */ = {
			isa = XCConfigurationList;
			buildConfigurations = (
				AFE3597C1C4DC19E000BE895 /* Debug */,
				AFE3597D1C4DC19E000BE895 /* Release */,
			);
			defaultConfigurationIsVisible = 0;
		};
/* End XCConfigurationList section */
	};
	rootObject = AFE3596C1C4DC19E000BE895 /* Project object */;
}
